
Microsoft Visual Studio Solution File, Format Version 12.00
# Visual Studio Version 17
VisualStudioVersion = 17.5.002.0
MinimumVisualStudioVersion = 10.0.40219.1
Project("{9A19103F-16F7-4668-BE54-9A1E7A4F7556}") = "PrivateAks", "PrivateAks.csproj", "{1CF6FD5A-AE5C-4D9E-BE7E-9CE207481327}"
EndProject
Global
	GlobalSection(SolutionConfigurationPlatforms) = preSolution
		Debug|Any CPU = Debug|Any CPU
		Release|Any CPU = Release|Any CPU
	EndGlobalSection
	GlobalSection(ProjectConfigurationPlatforms) = postSolution
		{1CF6FD5A-AE5C-4D9E-BE7E-9CE207481327}.Debug|Any CPU.ActiveCfg = Debug|Any CPU
		{1CF6FD5A-AE5C-4D9E-BE7E-9CE207481327}.Debug|Any CPU.Build.0 = Debug|Any CPU
		{1CF6FD5A-AE5C-4D9E-BE7E-9CE207481327}.Release|Any CPU.ActiveCfg = Release|Any CPU
		{1CF6FD5A-AE5C-4D9E-BE7E-9CE207481327}.Release|Any CPU.Build.0 = Release|Any CPU
	EndGlobalSection
	GlobalSection(SolutionProperties) = preSolution
		HideSolutionNode = FALSE
	EndGlobalSection
	GlobalSection(ExtensibilityGlobals) = postSolution
		SolutionGuid = {24F657DE-C9F9-4856-B95C-62626387299F}
	EndGlobalSection
EndGlobal
